
Microsoft Visual Studio Solution File, Format Version 12.00
# Visual Studio Version 17
VisualStudioVersion = 17.5.33516.290
MinimumVisualStudioVersion = 10.0.40219.1
Project("{FAE04EC0-301F-11D3-BF4B-00C04F79EFBC}") = "tpmodul8_1302213012", "tpmodul8_1302213012\tpmodul8_1302213012.csproj", "{E0136FC9-6301-4E23-ACE5-B7CA0D8A387C}"
EndProject
Global
	GlobalSection(SolutionConfigurationPlatforms) = preSolution
		Debug|Any CPU = Debug|Any CPU
		Release|Any CPU = Release|Any CPU
	EndGlobalSection
	GlobalSection(ProjectConfigurationPlatforms) = postSolution
		{E0136FC9-6301-4E23-ACE5-B7CA0D8A387C}.Debug|Any CPU.ActiveCfg = Debug|Any CPU
		{E0136FC9-6301-4E23-ACE5-B7CA0D8A387C}.Debug|Any CPU.Build.0 = Debug|Any CPU
		{E0136FC9-6301-4E23-ACE5-B7CA0D8A387C}.Release|Any CPU.ActiveCfg = Release|Any CPU
		{E0136FC9-6301-4E23-ACE5-B7CA0D8A387C}.Release|Any CPU.Build.0 = Release|Any CPU
	EndGlobalSection
	GlobalSection(SolutionProperties) = preSolution
		HideSolutionNode = FALSE
	EndGlobalSection
	GlobalSection(ExtensibilityGlobals) = postSolution
		SolutionGuid = {1BAC6AC8-90AD-40E0-8497-49678F4291E5}
	EndGlobalSection
EndGlobal
